Microsoft Visual Studio Solution File, Format Version 11.00
# Visual Studio 2008

Project("{AC4897CA-9651-66FC-F5A0-B101F45D21FF}") = "Visual_Enviroment - Game", "Assembly-CSharp.csproj", "{5A0C783F-E94F-798B-3CD8-8476C9EC32E4}"
EndProject
Project("{AC4897CA-9651-66FC-F5A0-B101F45D21FF}") = "Visual_Enviroment - Game", "Assembly-CSharp-Editor.csproj", "{2F8FD06C-F41B-1568-C4B2-7C5306B98BE7}"
EndProject
Global
	GlobalSection(SolutionConfigurationPlatforms) = preSolution
		Debug|Any CPU = Debug|Any CPU
		Release|Any CPU = Release|Any CPU
	EndGlobalSection
	GlobalSection(ProjectConfigurationPlatforms) = postSolution
		{5A0C783F-E94F-798B-3CD8-8476C9EC32E4}.Debug|Any CPU.ActiveCfg = Debug|Any CPU
		{5A0C783F-E94F-798B-3CD8-8476C9EC32E4}.Debug|Any CPU.Build.0 = Debug|Any CPU
		{5A0C783F-E94F-798B-3CD8-8476C9EC32E4}.Release|Any CPU.ActiveCfg = Release|Any CPU
		{5A0C783F-E94F-798B-3CD8-8476C9EC32E4}.Release|Any CPU.Build.0 = Release|Any CPU
		{2F8FD06C-F41B-1568-C4B2-7C5306B98BE7}.Debug|Any CPU.ActiveCfg = Debug|Any CPU
		{2F8FD06C-F41B-1568-C4B2-7C5306B98BE7}.Debug|Any CPU.Build.0 = Debug|Any CPU
		{2F8FD06C-F41B-1568-C4B2-7C5306B98BE7}.Release|Any CPU.ActiveCfg = Release|Any CPU
		{2F8FD06C-F41B-1568-C4B2-7C5306B98BE7}.Release|Any CPU.Build.0 = Release|Any CPU
	EndGlobalSection
	GlobalSection(SolutionProperties) = preSolution
		HideSolutionNode = FALSE
	EndGlobalSection
	GlobalSection(MonoDevelopProperties) = preSolution
		StartupItem = Assembly-CSharp.csproj
	EndGlobalSection
EndGlobal
